
Microsoft Visual Studio Solution File, Format Version 12.00
# Visual Studio Version 17
VisualStudioVersion = 17.8.34316.72
MinimumVisualStudioVersion = 10.0.40219.1
Project("{FAE04EC0-301F-11D3-BF4B-00C04F79EFBC}") = "UrbanMarketAPI", "UrbanMarketAPI.csproj", "{6DFF3655-2911-4B7D-8570-9E16929A8096}"
EndProject
Global
	GlobalSection(SolutionConfigurationPlatforms) = preSolution
		Debug|Any CPU = Debug|Any CPU
		Release|Any CPU = Release|Any CPU
	EndGlobalSection
	GlobalSection(ProjectConfigurationPlatforms) = postSolution
		{6DFF3655-2911-4B7D-8570-9E16929A8096}.Debug|Any CPU.ActiveCfg = Debug|Any CPU
		{6DFF3655-2911-4B7D-8570-9E16929A8096}.Debug|Any CPU.Build.0 = Debug|Any CPU
		{6DFF3655-2911-4B7D-8570-9E16929A8096}.Release|Any CPU.ActiveCfg = Release|Any CPU
		{6DFF3655-2911-4B7D-8570-9E16929A8096}.Release|Any CPU.Build.0 = Release|Any CPU
	EndGlobalSection
	GlobalSection(SolutionProperties) = preSolution
		HideSolutionNode = FALSE
	EndGlobalSection
	GlobalSection(ExtensibilityGlobals) = postSolution
		SolutionGuid = {B99DF9E2-16A5-475A-80F1-FDBE93206484}
	EndGlobalSection
EndGlobal
